// !$*UTF8*$!
{
	archiveVersion = 1;
	classes = {
	};
	objectVersion = 50;
	objects = {

/* Begin PBXBuildFile section */
		BD3A76B7216C0CA600733371 /* AppDelegate.swift in Sources */ = {isa = PBXBuildFile; fileRef = BD3A76B6216C0CA600733371 /* AppDelegate.swift */; };
		BD3A76B9216C0CA600733371 /* ViewController.swift in Sources */ = {isa = PBXBuildFile; fileRef = BD3A76B8216C0CA600733371 /* ViewController.swift */; };
		BD3A76BC216C0CA600733371 /* Main.storyboard in Resources */ = {isa = PBXBuildFile; fileRef = BD3A76BA216C0CA600733371 /* Main.storyboard */; };
		BD3A76BE216C0CA800733371 /* Assets.xcassets in Resources */ = {isa = PBXBuildFile; fileRef = BD3A76BD216C0CA800733371 /* Assets.xcassets */; };
		BD3A76C1216C0CA800733371 /* LaunchScreen.storyboard in Resources */ = {isa = PBXBuildFile; fileRef = BD3A76BF216C0CA800733371 /* LaunchScreen.storyboard */; };
		BD3A76C6216C0CA800733371 /* WatchScores WatchKit App.app in Embed Watch Content */ = {isa = PBXBuildFile; fileRef = BD3A76C5216C0CA800733371 /* WatchScores WatchKit App.app */; };
		BD3A76CC216C0CA800733371 /* Interface.storyboard in Resources */ = {isa = PBXBuildFile; fileRef = BD3A76CA216C0CA800733371 /* Interface.storyboard */; };
		BD3A76CE216C0CA900733371 /* Assets.xcassets in Resources */ = {isa = PBXBuildFile; fileRef = BD3A76CD216C0CA900733371 /* Assets.xcassets */; };
		BD3A76D5216C0CA900733371 /* WatchScores WatchKit Extension.appex in Embed App Extensions */ = {isa = PBXBuildFile; fileRef = BD3A76D4216C0CA900733371 /* WatchScores WatchKit Extension.appex */; settings = {ATTRIBUTES = (RemoveHeadersOnCopy, ); }; };
		BD3A76DA216C0CA900733371 /* VolleySetListInterfaceController.swift in Sources */ = {isa = PBXBuildFile; fileRef = BD3A76D9216C0CA900733371 /* VolleySetListInterfaceController.swift */; };
		BD3A76DC216C0CA900733371 /* ExtensionDelegate.swift in Sources */ = {isa = PBXBuildFile; fileRef = BD3A76DB216C0CA900733371 /* ExtensionDelegate.swift */; };
		BD3A76DE216C0CA900733371 /* NotificationController.swift in Sources */ = {isa = PBXBuildFile; fileRef = BD3A76DD216C0CA900733371 /* NotificationController.swift */; };
		BD3A76E0216C0CA900733371 /* Assets.xcassets in Resources */ = {isa = PBXBuildFile; fileRef = BD3A76DF216C0CA900733371 /* Assets.xcassets */; };
		BD3A76F1216C6A7100733371 /* SetRowController.swift in Sources */ = {isa = PBXBuildFile; fileRef = BD3A76F0216C6A7100733371 /* SetRowController.swift */; };
		BD3A76F6216F031300733371 /* VolleyScoreInterfaceController.swift in Sources */ = {isa = PBXBuildFile; fileRef = BD3A76F5216F031300733371 /* VolleyScoreInterfaceController.swift */; };
		BD7A2717216F237D001A0A21 /* ComplicationController.swift in Sources */ = {isa = PBXBuildFile; fileRef = BD7A2716216F237D001A0A21 /* ComplicationController.swift */; };
/* End PBXBuildFile section */

/* Begin PBXContainerItemProxy section */
		BD3A76C7216C0CA800733371 /* PBXContainerItemProxy */ = {
			isa = PBXContainerItemProxy;
			containerPortal = BD3A76AB216C0CA600733371 /* Project object */;
			proxyType = 1;
			remoteGlobalIDString = BD3A76C4216C0CA800733371;
			remoteInfo = "WatchScores WatchKit App";
		};
		BD3A76D6216C0CA900733371 /* PBXContainerItemProxy */ = {
			isa = PBXContainerItemProxy;
			containerPortal = BD3A76AB216C0CA600733371 /* Project object */;
			proxyType = 1;
			remoteGlobalIDString = BD3A76D3216C0CA900733371;
			remoteInfo = "WatchScores WatchKit Extension";
		};
/* End PBXContainerItemProxy section */

/* Begin PBXCopyFilesBuildPhase section */
		BD3A76E8216C0CA900733371 /* Embed App Extensions */ = {
			isa = PBXCopyFilesBuildPhase;
			buildActionMask = 2147483647;
			dstPath = "";
			dstSubfolderSpec = 13;
			files = (
				BD3A76D5216C0CA900733371 /* WatchScores WatchKit Extension.appex in Embed App Extensions */,
			);
			name = "Embed App Extensions";
			runOnlyForDeploymentPostprocessing = 0;
		};
		BD3A76EC216C0CA900733371 /* Embed Watch Content */ = {
			isa = PBXCopyFilesBuildPhase;
			buildActionMask = 2147483647;
			dstPath = "$(CONTENTS_FOLDER_PATH)/Watch";
			dstSubfolderSpec = 16;
			files = (
				BD3A76C6216C0CA800733371 /* WatchScores WatchKit App.app in Embed Watch Content */,
			);
			name = "Embed Watch Content";
			runOnlyForDeploymentPostprocessing = 0;
		};
/* End PBXCopyFilesBuildPhase section */

/* Begin PBXFileReference section */
		BD3A76B3216C0CA600733371 /* WatchScores.app */ = {isa = PBXFileReference; explicitFileType = wrapper.application; includeInIndex = 0; path = WatchScores.app; sourceTree = BUILT_PRODUCTS_DIR; };
		BD3A76B6216C0CA600733371 /* AppDelegate.swift */ = {isa = PBXFileReference; lastKnownFileType = sourcecode.swift; path = AppDelegate.swift; sourceTree = "<group>"; };
		BD3A76B8216C0CA600733371 /* ViewController.swift */ = {isa = PBXFileReference; lastKnownFileType = sourcecode.swift; path = ViewController.swift; sourceTree = "<group>"; };
		BD3A76BB216C0CA600733371 /* Base */ = {isa = PBXFileReference; lastKnownFileType = file.storyboard; name = Base; path = Base.lproj/Main.storyboard; sourceTree = "<group>"; };
		BD3A76BD216C0CA800733371 /* Assets.xcassets */ = {isa = PBXFileReference; lastKnownFileType = folder.assetcatalog; path = Assets.xcassets; sourceTree = "<group>"; };
		BD3A76C0216C0CA800733371 /* Base */ = {isa = PBXFileReference; lastKnownFileType = file.storyboard; name = Base; path = Base.lproj/LaunchScreen.storyboard; sourceTree = "<group>"; };
		BD3A76C2216C0CA800733371 /* Info.plist */ = {isa = PBXFileReference; lastKnownFileType = text.plist.xml; path = Info.plist; sourceTree = "<group>"; };
		BD3A76C5216C0CA800733371 /* WatchScores WatchKit App.app */ = {isa = PBXFileReference; explicitFileType = wrapper.application; includeInIndex = 0; path = "WatchScores WatchKit App.app"; sourceTree = BUILT_PRODUCTS_DIR; };
		BD3A76CB216C0CA800733371 /* Base */ = {isa = PBXFileReference; lastKnownFileType = file.storyboard; name = Base; path = Base.lproj/Interface.storyboard; sourceTree = "<group>"; };
		BD3A76CD216C0CA900733371 /* Assets.xcassets */ = {isa = PBXFileReference; lastKnownFileType = folder.assetcatalog; path = Assets.xcassets; sourceTree = "<group>"; };
		BD3A76CF216C0CA900733371 /* Info.plist */ = {isa = PBXFileReference; lastKnownFileType = text.plist.xml; path = Info.plist; sourceTree = "<group>"; };
		BD3A76D4216C0CA900733371 /* WatchScores WatchKit Extension.appex */ = {isa = PBXFileReference; explicitFileType = "wrapper.app-extension"; includeInIndex = 0; path = "WatchScores WatchKit Extension.appex"; sourceTree = BUILT_PRODUCTS_DIR; };
		BD3A76D9216C0CA900733371 /* VolleySetListInterfaceController.swift */ = {isa = PBXFileReference; lastKnownFileType = sourcecode.swift; path = VolleySetListInterfaceController.swift; sourceTree = "<group>"; };
		BD3A76DB216C0CA900733371 /* ExtensionDelegate.swift */ = {isa = PBXFileReference; lastKnownFileType = sourcecode.swift; path = ExtensionDelegate.swift; sourceTree = "<group>"; };
		BD3A76DD216C0CA900733371 /* NotificationController.swift */ = {isa = PBXFileReference; lastKnownFileType = sourcecode.swift; path = NotificationController.swift; sourceTree = "<group>"; };
		BD3A76DF216C0CA900733371 /* Assets.xcassets */ = {isa = PBXFileReference; lastKnownFileType = folder.assetcatalog; path = Assets.xcassets; sourceTree = "<group>"; };
		BD3A76E1216C0CA900733371 /* Info.plist */ = {isa = PBXFileReference; lastKnownFileType = text.plist.xml; path = Info.plist; sourceTree = "<group>"; };
		BD3A76E2216C0CA900733371 /* PushNotificationPayload.apns */ = {isa = PBXFileReference; lastKnownFileType = text; path = PushNotificationPayload.apns; sourceTree = "<group>"; };
		BD3A76F0216C6A7100733371 /* SetRowController.swift */ = {isa = PBXFileReference; lastKnownFileType = sourcecode.swift; path = SetRowController.swift; sourceTree = "<group>"; };
		BD3A76F5216F031300733371 /* VolleyScoreInterfaceController.swift */ = {isa = PBXFileReference; lastKnownFileType = sourcecode.swift; path = VolleyScoreInterfaceController.swift; sourceTree = "<group>"; };
		BD7A2716216F237D001A0A21 /* ComplicationController.swift */ = {isa = PBXFileReference; lastKnownFileType = sourcecode.swift; path = ComplicationController.swift; sourceTree = "<group>"; };
/* End PBXFileReference section */

/* Begin PBXFrameworksBuildPhase section */
		BD3A76B0216C0CA600733371 /* Frameworks */ = {
			isa = PBXFrameworksBuildPhase;
			buildActionMask = 2147483647;
			files = (
			);
			runOnlyForDeploymentPostprocessing = 0;
		};
		BD3A76D1216C0CA900733371 /* Frameworks */ = {
			isa = PBXFrameworksBuildPhase;
			buildActionMask = 2147483647;
			files = (
			);
			runOnlyForDeploymentPostprocessing = 0;
		};
/* End PBXFrameworksBuildPhase section */

/* Begin PBXGroup section */
		BD3A76AA216C0CA600733371 = {
			isa = PBXGroup;
			children = (
				BD3A76B5216C0CA600733371 /* WatchScores */,
				BD3A76C9216C0CA800733371 /* WatchScores WatchKit App */,
				BD3A76D8216C0CA900733371 /* WatchScores WatchKit Extension */,
				BD3A76B4216C0CA600733371 /* Products */,
			);
			sourceTree = "<group>";
		};
		BD3A76B4216C0CA600733371 /* Products */ = {
			isa = PBXGroup;
			children = (
				BD3A76B3216C0CA600733371 /* WatchScores.app */,
				BD3A76C5216C0CA800733371 /* WatchScores WatchKit App.app */,
				BD3A76D4216C0CA900733371 /* WatchScores WatchKit Extension.appex */,
			);
			name = Products;
			sourceTree = "<group>";
		};
		BD3A76B5216C0CA600733371 /* WatchScores */ = {
			isa = PBXGroup;
			children = (
				BD3A76B6216C0CA600733371 /* AppDelegate.swift */,
				BD3A76B8216C0CA600733371 /* ViewController.swift */,
				BD3A76BA216C0CA600733371 /* Main.storyboard */,
				BD3A76BD216C0CA800733371 /* Assets.xcassets */,
				BD3A76BF216C0CA800733371 /* LaunchScreen.storyboard */,
				BD3A76C2216C0CA800733371 /* Info.plist */,
			);
			path = WatchScores;
			sourceTree = "<group>";
		};
		BD3A76C9216C0CA800733371 /* WatchScores WatchKit App */ = {
			isa = PBXGroup;
			children = (
				BD3A76CA216C0CA800733371 /* Interface.storyboard */,
				BD3A76CD216C0CA900733371 /* Assets.xcassets */,
				BD3A76CF216C0CA900733371 /* Info.plist */,
			);
			path = "WatchScores WatchKit App";
			sourceTree = "<group>";
		};
		BD3A76D8216C0CA900733371 /* WatchScores WatchKit Extension */ = {
			isa = PBXGroup;
			children = (
				BD7A2716216F237D001A0A21 /* ComplicationController.swift */,
				BD3A76D9216C0CA900733371 /* VolleySetListInterfaceController.swift */,
				BD3A76F0216C6A7100733371 /* SetRowController.swift */,
				BD3A76F5216F031300733371 /* VolleyScoreInterfaceController.swift */,
				BD3A76DB216C0CA900733371 /* ExtensionDelegate.swift */,
				BD3A76DD216C0CA900733371 /* NotificationController.swift */,
				BD3A76DF216C0CA900733371 /* Assets.xcassets */,
				BD3A76E1216C0CA900733371 /* Info.plist */,
				BD3A76E2216C0CA900733371 /* PushNotificationPayload.apns */,
			);
			path = "WatchScores WatchKit Extension";
			sourceTree = "<group>";
		};
/* End PBXGroup section */

/* Begin PBXNativeTarget section */
		BD3A76B2216C0CA600733371 /* WatchScores */ = {
			isa = PBXNativeTarget;
			buildConfigurationList = BD3A76ED216C0CA900733371 /* Build configuration list for PBXNativeTarget "WatchScores" */;
			buildPhases = (
				BD3A76AF216C0CA600733371 /* Sources */,
				BD3A76B0216C0CA600733371 /* Frameworks */,
				BD3A76B1216C0CA600733371 /* Resources */,
				BD3A76EC216C0CA900733371 /* Embed Watch Content */,
			);
			buildRules = (
			);
			dependencies = (
				BD3A76C8216C0CA800733371 /* PBXTargetDependency */,
			);
			name = WatchScores;
			productName = WatchScores;
			productReference = BD3A76B3216C0CA600733371 /* WatchScores.app */;
			productType = "com.apple.product-type.application";
		};
		BD3A76C4216C0CA800733371 /* WatchScores WatchKit App */ = {
			isa = PBXNativeTarget;
			buildConfigurationList = BD3A76E9216C0CA900733371 /* Build configuration list for PBXNativeTarget "WatchScores WatchKit App" */;
			buildPhases = (
				BD3A76C3216C0CA800733371 /* Resources */,
				BD3A76E8216C0CA900733371 /* Embed App Extensions */,
			);
			buildRules = (
			);
			dependencies = (
				BD3A76D7216C0CA900733371 /* PBXTargetDependency */,
			);
			name = "WatchScores WatchKit App";
			productName = "WatchScores WatchKit App";
			productReference = BD3A76C5216C0CA800733371 /* WatchScores WatchKit App.app */;
			productType = "com.apple.product-type.application.watchapp2";
		};
		BD3A76D3216C0CA900733371 /* WatchScores WatchKit Extension */ = {
			isa = PBXNativeTarget;
			buildConfigurationList = BD3A76E5216C0CA900733371 /* Build configuration list for PBXNativeTarget "WatchScores WatchKit Extension" */;
			buildPhases = (
				BD3A76D0216C0CA900733371 /* Sources */,
				BD3A76D1216C0CA900733371 /* Frameworks */,
				BD3A76D2216C0CA900733371 /* Resources */,
			);
			buildRules = (
			);
			dependencies = (
			);
			name = "WatchScores WatchKit Extension";
			productName = "WatchScores WatchKit Extension";
			productReference = BD3A76D4216C0CA900733371 /* WatchScores WatchKit Extension.appex */;
			productType = "com.apple.product-type.watchkit2-extension";
		};
/* End PBXNativeTarget section */

/* Begin PBXProject section */
		BD3A76AB216C0CA600733371 /* Project object */ = {
			isa = PBXProject;
			attributes = {
				LastSwiftUpdateCheck = 1000;
				LastUpgradeCheck = 1000;
				ORGANIZATIONNAME = "Nabil Maadarani";
				TargetAttributes = {
					BD3A76B2216C0CA600733371 = {
						CreatedOnToolsVersion = 10.0;
					};
					BD3A76C4216C0CA800733371 = {
						CreatedOnToolsVersion = 10.0;
					};
					BD3A76D3216C0CA900733371 = {
						CreatedOnToolsVersion = 10.0;
					};
				};
			};
			buildConfigurationList = BD3A76AE216C0CA600733371 /* Build configuration list for PBXProject "WatchScores" */;
			compatibilityVersion = "Xcode 9.3";
			developmentRegion = en;
			hasScannedForEncodings = 0;
			knownRegions = (
				en,
				Base,
			);
			mainGroup = BD3A76AA216C0CA600733371;
			productRefGroup = BD3A76B4216C0CA600733371 /* Products */;
			projectDirPath = "";
			projectRoot = "";
			targets = (
				BD3A76B2216C0CA600733371 /* WatchScores */,
				BD3A76C4216C0CA800733371 /* WatchScores WatchKit App */,
				BD3A76D3216C0CA900733371 /* WatchScores WatchKit Extension */,
			);
		};
/* End PBXProject section */

/* Begin PBXResourcesBuildPhase section */
		BD3A76B1216C0CA600733371 /* Resources */ = {
			isa = PBXResourcesBuildPhase;
			buildActionMask = 2147483647;
			files = (
				BD3A76C1216C0CA800733371 /* LaunchScreen.storyboard in Resources */,
				BD3A76BE216C0CA800733371 /* Assets.xcassets in Resources */,
				BD3A76BC216C0CA600733371 /* Main.storyboard in Resources */,
			);
			runOnlyForDeploymentPostprocessing = 0;
		};
		BD3A76C3216C0CA800733371 /* Resources */ = {
			isa = PBXResourcesBuildPhase;
			buildActionMask = 2147483647;
			files = (
				BD3A76CE216C0CA900733371 /* Assets.xcassets in Resources */,
				BD3A76CC216C0CA800733371 /* Interface.storyboard in Resources */,
			);
			runOnlyForDeploymentPostprocessing = 0;
		};
		BD3A76D2216C0CA900733371 /* Resources */ = {
			isa = PBXResourcesBuildPhase;
			buildActionMask = 2147483647;
			files = (
				BD3A76E0216C0CA900733371 /* Assets.xcassets in Resources */,
			);
			runOnlyForDeploymentPostprocessing = 0;
		};
/* End PBXResourcesBuildPhase section */

/* Begin PBXSourcesBuildPhase section */
		BD3A76AF216C0CA600733371 /* Sources */ = {
			isa = PBXSourcesBuildPhase;
			buildActionMask = 2147483647;
			files = (
				BD3A76B9216C0CA600733371 /* ViewController.swift in Sources */,
				BD3A76B7216C0CA600733371 /* AppDelegate.swift in Sources */,
			);
			runOnlyForDeploymentPostprocessing = 0;
		};
		BD3A76D0216C0CA900733371 /* Sources */ = {
			isa = PBXSourcesBuildPhase;
			buildActionMask = 2147483647;
			files = (
				BD3A76DE216C0CA900733371 /* NotificationController.swift in Sources */,
				BD3A76F1216C6A7100733371 /* SetRowController.swift in Sources */,
				BD3A76F6216F031300733371 /* VolleyScoreInterfaceController.swift in Sources */,
				BD3A76DC216C0CA900733371 /* ExtensionDelegate.swift in Sources */,
				BD7A2717216F237D001A0A21 /* ComplicationController.swift in Sources */,
				BD3A76DA216C0CA900733371 /* VolleySetListInterfaceController.swift in Sources */,
			);
			runOnlyForDeploymentPostprocessing = 0;
		};
/* End PBXSourcesBuildPhase section */

/* Begin PBXTargetDependency section */
		BD3A76C8216C0CA800733371 /* PBXTargetDependency */ = {
			isa = PBXTargetDependency;
			target = BD3A76C4216C0CA800733371 /* WatchScores WatchKit App */;
			targetProxy = BD3A76C7216C0CA800733371 /* PBXContainerItemProxy */;
		};
		BD3A76D7216C0CA900733371 /* PBXTargetDependency */ = {
			isa = PBXTargetDependency;
			target = BD3A76D3216C0CA900733371 /* WatchScores WatchKit Extension */;
			targetProxy = BD3A76D6216C0CA900733371 /* PBXContainerItemProxy */;
		};
/* End PBXTargetDependency section */

/* Begin PBXVariantGroup section */
		BD3A76BA216C0CA600733371 /* Main.storyboard */ = {
			isa = PBXVariantGroup;
			children = (
				BD3A76BB216C0CA600733371 /* Base */,
			);
			name = Main.storyboard;
			sourceTree = "<group>";
		};
		BD3A76BF216C0CA800733371 /* LaunchScreen.storyboard */ = {
			isa = PBXVariantGroup;
			children = (
				BD3A76C0216C0CA800733371 /* Base */,
			);
			name = LaunchScreen.storyboard;
			sourceTree = "<group>";
		};
		BD3A76CA216C0CA800733371 /* Interface.storyboard */ = {
			isa = PBXVariantGroup;
			children = (
				BD3A76CB216C0CA800733371 /* Base */,
			);
			name = Interface.storyboard;
			sourceTree = "<group>";
		};
/* End PBXVariantGroup section */

/* Begin XCBuildConfiguration section */
		BD3A76E3216C0CA900733371 /* Debug */ = {
			isa = XCBuildConfiguration;
			buildSettings = {
				ALWAYS_SEARCH_USER_PATHS = NO;
				CLANG_ANALYZER_NONNULL = YES;
				CLANG_ANALYZER_NUMBER_OBJECT_CONVERSION = YES_AGGRESSIVE;
				CLANG_CXX_LANGUAGE_STANDARD = "gnu++14";
				CLANG_CXX_LIBRARY = "libc++";
				CLANG_ENABLE_MODULES = YES;
				CLANG_ENABLE_OBJC_ARC = YES;
				CLANG_ENABLE_OBJC_WEAK = YES;
				CLANG_WARN_BLOCK_CAPTURE_AUTORELEASING = YES;
				CLANG_WARN_BOOL_CONVERSION = YES;
				CLANG_WARN_COMMA = YES;
				CLANG_WARN_CONSTANT_CONVERSION = YES;
				CLANG_WARN_DEPRECATED_OBJC_IMPLEMENTATIONS = YES;
				CLANG_WARN_DIRECT_OBJC_ISA_USAGE = YES_ERROR;
				CLANG_WARN_DOCUMENTATION_COMMENTS = YES;
				CLANG_WARN_EMPTY_BODY = YES;
				CLANG_WARN_ENUM_CONVERSION = YES;
				CLANG_WARN_INFINITE_RECURSION = YES;
				CLANG_WARN_INT_CONVERSION = YES;
				CLANG_WARN_NON_LITERAL_NULL_CONVERSION = YES;
				CLANG_WARN_OBJC_IMPLICIT_RETAIN_SELF = YES;
				CLANG_WARN_OBJC_LITERAL_CONVERSION = YES;
				CLANG_WARN_OBJC_ROOT_CLASS = YES_ERROR;
				CLANG_WARN_RANGE_LOOP_ANALYSIS = YES;
				CLANG_WARN_STRICT_PROTOTYPES = YES;
				CLANG_WARN_SUSPICIOUS_MOVE = YES;
				CLANG_WARN_UNGUARDED_AVAILABILITY = YES_AGGRESSIVE;
				CLANG_WARN_UNREACHABLE_CODE = YES;
				CLANG_WARN__DUPLICATE_METHOD_MATCH = YES;
				CODE_SIGN_IDENTITY = "iPhone Developer";
				COPY_PHASE_STRIP = NO;
				DEBUG_INFORMATION_FORMAT = dwarf;
				ENABLE_STRICT_OBJC_MSGSEND = YES;
				ENABLE_TESTABILITY = YES;
				GCC_C_LANGUAGE_STANDARD = gnu11;
				GCC_DYNAMIC_NO_PIC = NO;
				GCC_NO_COMMON_BLOCKS = YES;
				GCC_OPTIMIZATION_LEVEL = 0;
				GCC_PREPROCESSOR_DEFINITIONS = (
					"DEBUG=1",
					"$(inherited)",
				);
				GCC_WARN_64_TO_32_BIT_CONVERSION = YES;
				GCC_WARN_ABOUT_RETURN_TYPE = YES_ERROR;
				GCC_WARN_UNDECLARED_SELECTOR = YES;
				GCC_WARN_UNINITIALIZED_AUTOS = YES_AGGRESSIVE;
				GCC_WARN_UNUSED_FUNCTION = YES;
				GCC_WARN_UNUSED_VARIABLE = YES;
				IPHONEOS_DEPLOYMENT_TARGET = 12.0;
				MTL_ENABLE_DEBUG_INFO = INCLUDE_SOURCE;
				MTL_FAST_MATH = YES;
				ONLY_ACTIVE_ARCH = YES;
				SDKROOT = iphoneos;
				SWIFT_ACTIVE_COMPILATION_CONDITIONS = DEBUG;
				SWIFT_OPTIMIZATION_LEVEL = "-Onone";
			};
			name = Debug;
		};
		BD3A76E4216C0CA900733371 /* Release */ = {
			isa = XCBuildConfiguration;
			buildSettings = {
				ALWAYS_SEARCH_USER_PATHS = NO;
				CLANG_ANALYZER_NONNULL = YES;
				CLANG_ANALYZER_NUMBER_OBJECT_CONVERSION = YES_AGGRESSIVE;
				CLANG_CXX_LANGUAGE_STANDARD = "gnu++14";
				CLANG_CXX_LIBRARY = "libc++";
				CLANG_ENABLE_MODULES = YES;
				CLANG_ENABLE_OBJC_ARC = YES;
				CLANG_ENABLE_OBJC_WEAK = YES;
				CLANG_WARN_BLOCK_CAPTURE_AUTORELEASING = YES;
				CLANG_WARN_BOOL_CONVERSION = YES;
				CLANG_WARN_COMMA = YES;
				CLANG_WARN_CONSTANT_CONVERSION = YES;
				CLANG_WARN_DEPRECATED_OBJC_IMPLEMENTATIONS = YES;
				CLANG_WARN_DIRECT_OBJC_ISA_USAGE = YES_ERROR;
				CLANG_WARN_DOCUMENTATION_COMMENTS = YES;
				CLANG_WARN_EMPTY_BODY = YES;
				CLANG_WARN_ENUM_CONVERSION = YES;
				CLANG_WARN_INFINITE_RECURSION = YES;
				CLANG_WARN_INT_CONVERSION = YES;
				CLANG_WARN_NON_LITERAL_NULL_CONVERSION = YES;
				CLANG_WARN_OBJC_IMPLICIT_RETAIN_SELF = YES;
				CLANG_WARN_OBJC_LITERAL_CONVERSION = YES;
				CLANG_WARN_OBJC_ROOT_CLASS = YES_ERROR;
				CLANG_WARN_RANGE_LOOP_ANALYSIS = YES;
				CLANG_WARN_STRICT_PROTOTYPES = YES;
				CLANG_WARN_SUSPICIOUS_MOVE = YES;
				CLANG_WARN_UNGUARDED_AVAILABILITY = YES_AGGRESSIVE;
				CLANG_WARN_UNREACHABLE_CODE = YES;
				CLANG_WARN__DUPLICATE_METHOD_MATCH = YES;
				CODE_SIGN_IDENTITY = "iPhone Developer";
				COPY_PHASE_STRIP = NO;
				DEBUG_INFORMATION_FORMAT = "dwarf-with-dsym";
				ENABLE_NS_ASSERTIONS = NO;
				ENABLE_STRICT_OBJC_MSGSEND = YES;
				GCC_C_LANGUAGE_STANDARD = gnu11;
				GCC_NO_COMMON_BLOCKS = YES;
				GCC_WARN_64_TO_32_BIT_CONVERSION = YES;
				GCC_WARN_ABOUT_RETURN_TYPE = YES_ERROR;
				GCC_WARN_UNDECLARED_SELECTOR = YES;
				GCC_WARN_UNINITIALIZED_AUTOS = YES_AGGRESSIVE;
				GCC_WARN_UNUSED_FUNCTION = YES;
				GCC_WARN_UNUSED_VARIABLE = YES;
				IPHONEOS_DEPLOYMENT_TARGET = 12.0;
				MTL_ENABLE_DEBUG_INFO = NO;
				MTL_FAST_MATH = YES;
				SDKROOT = iphoneos;
				SWIFT_COMPILATION_MODE = wholemodule;
				SWIFT_OPTIMIZATION_LEVEL = "-O";
				VALIDATE_PRODUCT = YES;
			};
			name = Release;
		};
		BD3A76E6216C0CA900733371 /* Debug */ = {
			isa = XCBuildConfiguration;
			buildSettings = {
				ASSETCATALOG_COMPILER_COMPLICATION_NAME = Complication;
				CODE_SIGN_STYLE = Automatic;
				DEVELOPMENT_TEAM = WB8CM5L7ZT;
				INFOPLIST_FILE = "WatchScores WatchKit Extension/Info.plist";
				LD_RUNPATH_SEARCH_PATHS = (
					"$(inherited)",
					"@executable_path/Frameworks",
					"@executable_path/../../Frameworks",
				);
				PRODUCT_BUNDLE_IDENTIFIER = com.nabs.WatchScores.watchkitapp.watchkitextension;
				PRODUCT_NAME = "${TARGET_NAME}";
				SDKROOT = watchos;
				SKIP_INSTALL = YES;
				SWIFT_VERSION = 4.2;
				TARGETED_DEVICE_FAMILY = 4;
				WATCHOS_DEPLOYMENT_TARGET = 5.0;
			};
			name = Debug;
		};
		BD3A76E7216C0CA900733371 /* Release */ = {
			isa = XCBuildConfiguration;
			buildSettings = {
				ASSETCATALOG_COMPILER_COMPLICATION_NAME = Complication;
				CODE_SIGN_STYLE = Automatic;
				DEVELOPMENT_TEAM = WB8CM5L7ZT;
				INFOPLIST_FILE = "WatchScores WatchKit Extension/Info.plist";
				LD_RUNPATH_SEARCH_PATHS = (
					"$(inherited)",
					"@executable_path/Frameworks",
					"@executable_path/../../Frameworks",
				);
				PRODUCT_BUNDLE_IDENTIFIER = com.nabs.WatchScores.watchkitapp.watchkitextension;
				PRODUCT_NAME = "${TARGET_NAME}";
				SDKROOT = watchos;
				SKIP_INSTALL = YES;
				SWIFT_VERSION = 4.2;
				TARGETED_DEVICE_FAMILY = 4;
				WATCHOS_DEPLOYMENT_TARGET = 5.0;
			};
			name = Release;
		};
		BD3A76EA216C0CA900733371 /* Debug */ = {
			isa = XCBuildConfiguration;
			buildSettings = {
				ALWAYS_EMBED_SWIFT_STANDARD_LIBRARIES = YES;
				ASSETCATALOG_COMPILER_APPICON_NAME = AppIcon;
				CODE_SIGN_STYLE = Automatic;
				DEVELOPMENT_TEAM = WB8CM5L7ZT;
				IBSC_MODULE = WatchScores_WatchKit_Extension;
				INFOPLIST_FILE = "WatchScores WatchKit App/Info.plist";
				PRODUCT_BUNDLE_IDENTIFIER = com.nabs.WatchScores.watchkitapp;
				PRODUCT_NAME = "$(TARGET_NAME)";
				SDKROOT = watchos;
				SKIP_INSTALL = YES;
				SWIFT_VERSION = 4.2;
				TARGETED_DEVICE_FAMILY = 4;
				WATCHOS_DEPLOYMENT_TARGET = 5.0;
			};
			name = Debug;
		};
		BD3A76EB216C0CA900733371 /* Release */ = {
			isa = XCBuildConfiguration;
			buildSettings = {
				ALWAYS_EMBED_SWIFT_STANDARD_LIBRARIES = YES;
				ASSETCATALOG_COMPILER_APPICON_NAME = AppIcon;
				CODE_SIGN_STYLE = Automatic;
				DEVELOPMENT_TEAM = WB8CM5L7ZT;
				IBSC_MODULE = WatchScores_WatchKit_Extension;
				INFOPLIST_FILE = "WatchScores WatchKit App/Info.plist";
				PRODUCT_BUNDLE_IDENTIFIER = com.nabs.WatchScores.watchkitapp;
				PRODUCT_NAME = "$(TARGET_NAME)";
				SDKROOT = watchos;
				SKIP_INSTALL = YES;
				SWIFT_VERSION = 4.2;
				TARGETED_DEVICE_FAMILY = 4;
				WATCHOS_DEPLOYMENT_TARGET = 5.0;
			};
			name = Release;
		};
		BD3A76EE216C0CA900733371 /* Debug */ = {
			isa = XCBuildConfiguration;
			buildSettings = {
				ASSETCATALOG_COMPILER_APPICON_NAME = AppIcon;
				CODE_SIGN_STYLE = Automatic;
				DEVELOPMENT_TEAM = WB8CM5L7ZT;
				INFOPLIST_FILE = WatchScores/Info.plist;
				LD_RUNPATH_SEARCH_PATHS = (
					"$(inherited)",
					"@executable_path/Frameworks",
				);
				PRODUCT_BUNDLE_IDENTIFIER = com.nabs.WatchScores;
				PRODUCT_NAME = "$(TARGET_NAME)";
				SWIFT_VERSION = 4.2;
				TARGETED_DEVICE_FAMILY = "1,2";
			};
			name = Debug;
		};
		BD3A76EF216C0CA900733371 /* Release */ = {
			isa = XCBuildConfiguration;
			buildSettings = {
				ASSETCATALOG_COMPILER_APPICON_NAME = AppIcon;
				CODE_SIGN_STYLE = Automatic;
				DEVELOPMENT_TEAM = WB8CM5L7ZT;
				INFOPLIST_FILE = WatchScores/Info.plist;
				LD_RUNPATH_SEARCH_PATHS = (
					"$(inherited)",
					"@executable_path/Frameworks",
				);
				PRODUCT_BUNDLE_IDENTIFIER = com.nabs.WatchScores;
				PRODUCT_NAME = "$(TARGET_NAME)";
				SWIFT_VERSION = 4.2;
				TARGETED_DEVICE_FAMILY = "1,2";
			};
			name = Release;
		};
/* End XCBuildConfiguration section */

/* Begin XCConfigurationList section */
		BD3A76AE216C0CA600733371 /* Build configuration list for PBXProject "WatchScores" */ = {
			isa = XCConfigurationList;
			buildConfigurations = (
				BD3A76E3216C0CA900733371 /* Debug */,
				BD3A76E4216C0CA900733371 /* Release */,
			);
			defaultConfigurationIsVisible = 0;
			defaultConfigurationName = Release;
		};
		BD3A76E5216C0CA900733371 /* Build configuration list for PBXNativeTarget "WatchScores WatchKit Extension" */ = {
			isa = XCConfigurationList;
			buildConfigurations = (
				BD3A76E6216C0CA900733371 /* Debug */,
				BD3A76E7216C0CA900733371 /* Release */,
			);
			defaultConfigurationIsVisible = 0;
			defaultConfigurationName = Release;
		};
		BD3A76E9216C0CA900733371 /* Build configuration list for PBXNativeTarget "WatchScores WatchKit App" */ = {
			isa = XCConfigurationList;
			buildConfigurations = (
				BD3A76EA216C0CA900733371 /* Debug */,
				BD3A76EB216C0CA900733371 /* Release */,
			);
			defaultConfigurationIsVisible = 0;
			defaultConfigurationName = Release;
		};
		BD3A76ED216C0CA900733371 /* Build configuration list for PBXNativeTarget "WatchScores" */ = {
			isa = XCConfigurationList;
			buildConfigurations = (
				BD3A76EE216C0CA900733371 /* Debug */,
				BD3A76EF216C0CA900733371 /* Release */,
			);
			defaultConfigurationIsVisible = 0;
			defaultConfigurationName = Release;
		};
/* End XCConfigurationList section */
	};
	rootObject = BD3A76AB216C0CA600733371 /* Project object */;
}
